
Microsoft Visual Studio Solution File, Format Version 12.00
# Visual Studio Version 16
VisualStudioVersion = 16.0.30503.244
MinimumVisualStudioVersion = 10.0.40219.1
Project("{9A19103F-16F7-4668-BE54-9A1E7A4F7556}") = "Actividad1", "Actividad1\Actividad1.csproj", "{7EC0F064-4C3F-4E83-86F8-E01DC6C9A754}"
EndProject
Project("{9A19103F-16F7-4668-BE54-9A1E7A4F7556}") = "Actividad2", "Actividad2\Actividad2.csproj", "{5991A10B-2EC7-4CC9-AB2E-4ECBEC1A2197}"
EndProject
Project("{9A19103F-16F7-4668-BE54-9A1E7A4F7556}") = "Actividad8", "Actividad8\Actividad8.csproj", "{8AB43054-52E2-43F6-9653-383E2B687375}"
EndProject
Project("{FAE04EC0-301F-11D3-BF4B-00C04F79EFBC}") = "Actividad8Electrodomesticos", "Actividad8Electrodomesticos\Actividad8Electrodomesticos.csproj", "{9BC185BF-CC13-4466-A789-5571075B7872}"
EndProject
Project("{FAE04EC0-301F-11D3-BF4B-00C04F79EFBC}") = "Actividad9", "Actividad9\Actividad9.csproj", "{9BEE56C5-645C-45C7-AFF2-47188CC8F9DB}"
EndProject
Project("{FAE04EC0-301F-11D3-BF4B-00C04F79EFBC}") = "Actividad8_2", "Actividad8_2\Actividad8_2.csproj", "{8259F0E2-6025-4963-ADCE-DB3886AFE2C0}"
EndProject
Global
	GlobalSection(SolutionConfigurationPlatforms) = preSolution
		Debug|Any CPU = Debug|Any CPU
		Release|Any CPU = Release|Any CPU
	EndGlobalSection
	GlobalSection(ProjectConfigurationPlatforms) = postSolution
		{7EC0F064-4C3F-4E83-86F8-E01DC6C9A754}.Debug|Any CPU.ActiveCfg = Debug|Any CPU
		{7EC0F064-4C3F-4E83-86F8-E01DC6C9A754}.Debug|Any CPU.Build.0 = Debug|Any CPU
		{7EC0F064-4C3F-4E83-86F8-E01DC6C9A754}.Release|Any CPU.ActiveCfg = Release|Any CPU
		{7EC0F064-4C3F-4E83-86F8-E01DC6C9A754}.Release|Any CPU.Build.0 = Release|Any CPU
		{5991A10B-2EC7-4CC9-AB2E-4ECBEC1A2197}.Debug|Any CPU.ActiveCfg = Debug|Any CPU
		{5991A10B-2EC7-4CC9-AB2E-4ECBEC1A2197}.Debug|Any CPU.Build.0 = Debug|Any CPU
		{5991A10B-2EC7-4CC9-AB2E-4ECBEC1A2197}.Release|Any CPU.ActiveCfg = Release|Any CPU
		{5991A10B-2EC7-4CC9-AB2E-4ECBEC1A2197}.Release|Any CPU.Build.0 = Release|Any CPU
		{8AB43054-52E2-43F6-9653-383E2B687375}.Debug|Any CPU.ActiveCfg = Debug|Any CPU
		{8AB43054-52E2-43F6-9653-383E2B687375}.Debug|Any CPU.Build.0 = Debug|Any CPU
		{8AB43054-52E2-43F6-9653-383E2B687375}.Release|Any CPU.ActiveCfg = Release|Any CPU
		{8AB43054-52E2-43F6-9653-383E2B687375}.Release|Any CPU.Build.0 = Release|Any CPU
		{9BC185BF-CC13-4466-A789-5571075B7872}.Debug|Any CPU.ActiveCfg = Debug|Any CPU
		{9BC185BF-CC13-4466-A789-5571075B7872}.Debug|Any CPU.Build.0 = Debug|Any CPU
		{9BC185BF-CC13-4466-A789-5571075B7872}.Release|Any CPU.ActiveCfg = Release|Any CPU
		{9BC185BF-CC13-4466-A789-5571075B7872}.Release|Any CPU.Build.0 = Release|Any CPU
		{9BEE56C5-645C-45C7-AFF2-47188CC8F9DB}.Debug|Any CPU.ActiveCfg = Debug|Any CPU
		{9BEE56C5-645C-45C7-AFF2-47188CC8F9DB}.Debug|Any CPU.Build.0 = Debug|Any CPU
		{9BEE56C5-645C-45C7-AFF2-47188CC8F9DB}.Release|Any CPU.ActiveCfg = Release|Any CPU
		{9BEE56C5-645C-45C7-AFF2-47188CC8F9DB}.Release|Any CPU.Build.0 = Release|Any CPU
		{8259F0E2-6025-4963-ADCE-DB3886AFE2C0}.Debug|Any CPU.ActiveCfg = Debug|Any CPU
		{8259F0E2-6025-4963-ADCE-DB3886AFE2C0}.Debug|Any CPU.Build.0 = Debug|Any CPU
		{8259F0E2-6025-4963-ADCE-DB3886AFE2C0}.Release|Any CPU.ActiveCfg = Release|Any CPU
		{8259F0E2-6025-4963-ADCE-DB3886AFE2C0}.Release|Any CPU.Build.0 = Release|Any CPU
	EndGlobalSection
	GlobalSection(SolutionProperties) = preSolution
		HideSolutionNode = FALSE
	EndGlobalSection
	GlobalSection(ExtensibilityGlobals) = postSolution
		SolutionGuid = {09DAFFA3-9B12-4E5D-ADC3-BE15AC9542D4}
	EndGlobalSection
EndGlobal
